
Microsoft Visual Studio Solution File, Format Version 12.00
# Visual Studio Version 16
VisualStudioVersion = 16.0.29509.3
MinimumVisualStudioVersion = 10.0.40219.1
Project("{FAE04EC0-301F-11D3-BF4B-00C04F79EFBC}") = "Election_Votes_Display_Web_API", "Election_Votes_Display_Web_API.csproj", "{3395B873-72F2-40F2-BF06-435A4F77BD7D}"
EndProject
Global
	GlobalSection(SolutionConfigurationPlatforms) = preSolution
		Debug|Any CPU = Debug|Any CPU
		Release|Any CPU = Release|Any CPU
	EndGlobalSection
	GlobalSection(ProjectConfigurationPlatforms) = postSolution
		{3395B873-72F2-40F2-BF06-435A4F77BD7D}.Debug|Any CPU.ActiveCfg = Debug|Any CPU
		{3395B873-72F2-40F2-BF06-435A4F77BD7D}.Debug|Any CPU.Build.0 = Debug|Any CPU
		{3395B873-72F2-40F2-BF06-435A4F77BD7D}.Release|Any CPU.ActiveCfg = Release|Any CPU
		{3395B873-72F2-40F2-BF06-435A4F77BD7D}.Release|Any CPU.Build.0 = Release|Any CPU
	EndGlobalSection
	GlobalSection(SolutionProperties) = preSolution
		HideSolutionNode = FALSE
	EndGlobalSection
	GlobalSection(ExtensibilityGlobals) = postSolution
		SolutionGuid = {060F5B28-3C73-4884-801E-6DE1DB606F67}
	EndGlobalSection
EndGlobal
